Microsoft Visual Studio Solution File, Format Version 11.00
# Visual Studio 2008

Project("{283C0371-2557-9421-E09B-8A84FD9B19FF}") = "Projet Git", "Assembly-CSharp.csproj", "{10817943-551E-2A6C-D173-41FBA3F80BDB}"
EndProject
Global
	GlobalSection(SolutionConfigurationPlatforms) = preSolution
		Debug|Any CPU = Debug|Any CPU
		Release|Any CPU = Release|Any CPU
	EndGlobalSection
	GlobalSection(ProjectConfigurationPlatforms) = postSolution
		{10817943-551E-2A6C-D173-41FBA3F80BDB}.Debug|Any CPU.ActiveCfg = Debug|Any CPU
		{10817943-551E-2A6C-D173-41FBA3F80BDB}.Debug|Any CPU.Build.0 = Debug|Any CPU
		{10817943-551E-2A6C-D173-41FBA3F80BDB}.Release|Any CPU.ActiveCfg = Release|Any CPU
		{10817943-551E-2A6C-D173-41FBA3F80BDB}.Release|Any CPU.Build.0 = Release|Any CPU
	EndGlobalSection
	GlobalSection(SolutionProperties) = preSolution
		HideSolutionNode = FALSE
	EndGlobalSection
	GlobalSection(MonoDevelopProperties) = preSolution
		StartupItem = Assembly-CSharp.csproj
	EndGlobalSection
EndGlobal
